
Microsoft Visual Studio Solution File, Format Version 12.00
# Visual Studio 15
VisualStudioVersion = 15.0.28307.421
MinimumVisualStudioVersion = 10.0.40219.1
Project("{9A19103F-16F7-4668-BE54-9A1E7A4F7556}") = "RomanNumerals", "RomanNumerals\RomanNumerals.csproj", "{C2C288CD-A719-4CCD-AF5D-3A58E9E22A26}"
EndProject
Project("{FAE04EC0-301F-11D3-BF4B-00C04F79EFBC}") = "RomanNumerals.Test", "RomanNumerals.Test\RomanNumerals.Test.csproj", "{6482390E-4F5B-40A3-BA9D-467D0B55E650}"
EndProject
Global
	GlobalSection(SolutionConfigurationPlatforms) = preSolution
		Debug|Any CPU = Debug|Any CPU
		Release|Any CPU = Release|Any CPU
	EndGlobalSection
	GlobalSection(ProjectConfigurationPlatforms) = postSolution
		{C2C288CD-A719-4CCD-AF5D-3A58E9E22A26}.Debug|Any CPU.ActiveCfg = Debug|Any CPU
		{C2C288CD-A719-4CCD-AF5D-3A58E9E22A26}.Debug|Any CPU.Build.0 = Debug|Any CPU
		{C2C288CD-A719-4CCD-AF5D-3A58E9E22A26}.Release|Any CPU.ActiveCfg = Release|Any CPU
		{C2C288CD-A719-4CCD-AF5D-3A58E9E22A26}.Release|Any CPU.Build.0 = Release|Any CPU
		{6482390E-4F5B-40A3-BA9D-467D0B55E650}.Debug|Any CPU.ActiveCfg = Debug|Any CPU
		{6482390E-4F5B-40A3-BA9D-467D0B55E650}.Debug|Any CPU.Build.0 = Debug|Any CPU
		{6482390E-4F5B-40A3-BA9D-467D0B55E650}.Release|Any CPU.ActiveCfg = Release|Any CPU
		{6482390E-4F5B-40A3-BA9D-467D0B55E650}.Release|Any CPU.Build.0 = Release|Any CPU
	EndGlobalSection
	GlobalSection(SolutionProperties) = preSolution
		HideSolutionNode = FALSE
	EndGlobalSection
	GlobalSection(ExtensibilityGlobals) = postSolution
		SolutionGuid = {72CF7C52-EA45-4DE5-A886-E5D2743392CA}
	EndGlobalSection
EndGlobal
